// !$*UTF8*$!
{
	archiveVersion = 1;
	classes = {
	};
	objectVersion = 56;
	objects = {

/* Begin PBXBuildFile section */
		F44BA1CF2E8455EC0026244E /* DatingAppUIApp.swift in Sources */ = {isa = PBXBuildFile; fileRef = F44BA1CE2E8455EC0026244E /* DatingAppUIApp.swift */; };
		F44BA1D12E8455EC0026244E /* ContentView.swift in Sources */ = {isa = PBXBuildFile; fileRef = F44BA1D02E8455EC0026244E /* ContentView.swift */; };
		F44BA1D32E8455EE0026244E /* Assets.xcassets in Resources */ = {isa = PBXBuildFile; fileRef = F44BA1D22E8455EE0026244E /* Assets.xcassets */; };
		F44BA1D72E8455EE0026244E /* Preview Assets.xcassets in Resources */ = {isa = PBXBuildFile; fileRef = F44BA1D62E8455EE0026244E /* Preview Assets.xcassets */; };
		F44BA1E02E84819B0026244E /* Color+hex.swift in Sources */ = {isa = PBXBuildFile; fileRef = F44BA1DF2E84819B0026244E /* Color+hex.swift */; };
		F44BA1E32E8481E70026244E /* AppColors.swift in Sources */ = {isa = PBXBuildFile; fileRef = F44BA1E22E8481E70026244E /* AppColors.swift */; };
		F44BA1E92E8482540026244E /* TurnCards.swift in Sources */ = {isa = PBXBuildFile; fileRef = F44BA1E82E8482540026244E /* TurnCards.swift */; };
		F44BA1EC2E84828F0026244E /* TurnCardView.swift in Sources */ = {isa = PBXBuildFile; fileRef = F44BA1EB2E84828F0026244E /* TurnCardView.swift */; };
		F44BA1F12E8483140026244E /* ChatRowView.swift in Sources */ = {isa = PBXBuildFile; fileRef = F44BA1F02E8483140026244E /* ChatRowView.swift */; };
		F44BA1F32E8483810026244E /* Chat.swift in Sources */ = {isa = PBXBuildFile; fileRef = F44BA1F22E8483810026244E /* Chat.swift */; };
		F44BA1FB2E8484490026244E /* TabBarViews.swift in Sources */ = {isa = PBXBuildFile; fileRef = F44BA1FA2E8484490026244E /* TabBarViews.swift */; };
		F44BA1FE2E84851B0026244E /* CircularProgressView.swift in Sources */ = {isa = PBXBuildFile; fileRef = F44BA1FD2E84851B0026244E /* CircularProgressView.swift */; };
		F44BA2032E848E620026244E /* ScoreBadge.swift in Sources */ = {isa = PBXBuildFile; fileRef = F44BA2022E848E620026244E /* ScoreBadge.swift */; };
		F44BA2052E848E920026244E /* ProfileProgressView.swift in Sources */ = {isa = PBXBuildFile; fileRef = F44BA2042E848E920026244E /* ProfileProgressView.swift */; };
		F44BA2072E84B5130026244E /* CustomLabelView.swift in Sources */ = {isa = PBXBuildFile; fileRef = F44BA2062E84B5130026244E /* CustomLabelView.swift */; };
		F44BA20B2E84D0200026244E /* turncards.json in Resources */ = {isa = PBXBuildFile; fileRef = F44BA2092E84D0200026244E /* turncards.json */; };
		F44BA20C2E84D0200026244E /* chats.json in Resources */ = {isa = PBXBuildFile; fileRef = F44BA20A2E84D0200026244E /* chats.json */; };
		F44BA20F2E84D0600026244E /* loadJson.swift in Sources */ = {isa = PBXBuildFile; fileRef = F44BA20E2E84D0600026244E /* loadJson.swift */; };
/* End PBXBuildFile section */

/* Begin PBXFileReference section */
		F44BA1CB2E8455EC0026244E /* DatingAppUI.app */ = {isa = PBXFileReference; explicitFileType = wrapper.application; includeInIndex = 0; path = DatingAppUI.app; sourceTree = BUILT_PRODUCTS_DIR; };
		F44BA1CE2E8455EC0026244E /* DatingAppUIApp.swift */ = {isa = PBXFileReference; lastKnownFileType = sourcecode.swift; path = DatingAppUIApp.swift; sourceTree = "<group>"; };
		F44BA1D02E8455EC0026244E /* ContentView.swift */ = {isa = PBXFileReference; lastKnownFileType = sourcecode.swift; path = ContentView.swift; sourceTree = "<group>"; };
		F44BA1D22E8455EE0026244E /* Assets.xcassets */ = {isa = PBXFileReference; lastKnownFileType = folder.assetcatalog; path = Assets.xcassets; sourceTree = "<group>"; };
		F44BA1D42E8455EE0026244E /* DatingAppUI.entitlements */ = {isa = PBXFileReference; lastKnownFileType = text.plist.entitlements; path = DatingAppUI.entitlements; sourceTree = "<group>"; };
		F44BA1D62E8455EE0026244E /* Preview Assets.xcassets */ = {isa = PBXFileReference; lastKnownFileType = folder.assetcatalog; path = "Preview Assets.xcassets"; sourceTree = "<group>"; };
		F44BA1DF2E84819B0026244E /* Color+hex.swift */ = {isa = PBXFileReference; lastKnownFileType = sourcecode.swift; path = "Color+hex.swift"; sourceTree = "<group>"; };
		F44BA1E22E8481E70026244E /* AppColors.swift */ = {isa = PBXFileReference; lastKnownFileType = sourcecode.swift; path = AppColors.swift; sourceTree = "<group>"; };
		F44BA1E82E8482540026244E /* TurnCards.swift */ = {isa = PBXFileReference; lastKnownFileType = sourcecode.swift; path = TurnCards.swift; sourceTree = "<group>"; };
		F44BA1EB2E84828F0026244E /* TurnCardView.swift */ = {isa = PBXFileReference; lastKnownFileType = sourcecode.swift; path = TurnCardView.swift; sourceTree = "<group>"; };
		F44BA1F02E8483140026244E /* ChatRowView.swift */ = {isa = PBXFileReference; lastKnownFileType = sourcecode.swift; path = ChatRowView.swift; sourceTree = "<group>"; };
		F44BA1F22E8483810026244E /* Chat.swift */ = {isa = PBXFileReference; lastKnownFileType = sourcecode.swift; path = Chat.swift; sourceTree = "<group>"; };
		F44BA1FA2E8484490026244E /* TabBarViews.swift */ = {isa = PBXFileReference; lastKnownFileType = sourcecode.swift; path = TabBarViews.swift; sourceTree = "<group>"; };
		F44BA1FD2E84851B0026244E /* CircularProgressView.swift */ = {isa = PBXFileReference; lastKnownFileType = sourcecode.swift; path = CircularProgressView.swift; sourceTree = "<group>"; };
		F44BA2022E848E620026244E /* ScoreBadge.swift */ = {isa = PBXFileReference; lastKnownFileType = sourcecode.swift; path = ScoreBadge.swift; sourceTree = "<group>"; };
		F44BA2042E848E920026244E /* ProfileProgressView.swift */ = {isa = PBXFileReference; lastKnownFileType = sourcecode.swift; path = ProfileProgressView.swift; sourceTree = "<group>"; };
		F44BA2062E84B5130026244E /* CustomLabelView.swift */ = {isa = PBXFileReference; lastKnownFileType = sourcecode.swift; path = CustomLabelView.swift; sourceTree = "<group>"; };
		F44BA2092E84D0200026244E /* turncards.json */ = {isa = PBXFileReference; fileEncoding = 4; lastKnownFileType = text.json; path = turncards.json; sourceTree = "<group>"; };
		F44BA20A2E84D0200026244E /* chats.json */ = {isa = PBXFileReference; fileEncoding = 4; lastKnownFileType = text.json; path = chats.json; sourceTree = "<group>"; };
		F44BA20E2E84D0600026244E /* loadJson.swift */ = {isa = PBXFileReference; lastKnownFileType = sourcecode.swift; path = loadJson.swift; sourceTree = "<group>"; };
/* End PBXFileReference section */

/* Begin PBXFrameworksBuildPhase section */
		F44BA1C82E8455EC0026244E /* Frameworks */ = {
			isa = PBXFrameworksBuildPhase;
			buildActionMask = 2147483647;
			files = (
			);
			runOnlyForDeploymentPostprocessing = 0;
		};
/* End PBXFrameworksBuildPhase section */

/* Begin PBXGroup section */
		F44BA1C22E8455EC0026244E = {
			isa = PBXGroup;
			children = (
				F44BA1CD2E8455EC0026244E /* DatingAppUI */,
				F44BA1CC2E8455EC0026244E /* Products */,
			);
			sourceTree = "<group>";
		};
		F44BA1CC2E8455EC0026244E /* Products */ = {
			isa = PBXGroup;
			children = (
				F44BA1CB2E8455EC0026244E /* DatingAppUI.app */,
			);
			name = Products;
			sourceTree = "<group>";
		};
		F44BA1CD2E8455EC0026244E /* DatingAppUI */ = {
			isa = PBXGroup;
			children = (
				F44BA20D2E84D03F0026244E /* Services */,
				F44BA2082E84CF000026244E /* Resources */,
				F44BA1FC2E8484F10026244E /* Shared */,
				F44BA1E42E8482110026244E /* Features */,
				F44BA1DD2E84815D0026244E /* Core */,
				F44BA1CE2E8455EC0026244E /* DatingAppUIApp.swift */,
				F44BA1D02E8455EC0026244E /* ContentView.swift */,
				F44BA1D22E8455EE0026244E /* Assets.xcassets */,
				F44BA1D42E8455EE0026244E /* DatingAppUI.entitlements */,
				F44BA1D52E8455EE0026244E /* Preview Content */,
			);
			path = DatingAppUI;
			sourceTree = "<group>";
		};
		F44BA1D52E8455EE0026244E /* Preview Content */ = {
			isa = PBXGroup;
			children = (
				F44BA1D62E8455EE0026244E /* Preview Assets.xcassets */,
			);
			path = "Preview Content";
			sourceTree = "<group>";
		};
		F44BA1DD2E84815D0026244E /* Core */ = {
			isa = PBXGroup;
			children = (
				F44BA1E12E8481D70026244E /* Theme */,
				F44BA1DE2E8481750026244E /* Extension */,
			);
			path = Core;
			sourceTree = "<group>";
		};
		F44BA1DE2E8481750026244E /* Extension */ = {
			isa = PBXGroup;
			children = (
				F44BA1DF2E84819B0026244E /* Color+hex.swift */,
			);
			path = Extension;
			sourceTree = "<group>";
		};
		F44BA1E12E8481D70026244E /* Theme */ = {
			isa = PBXGroup;
			children = (
				F44BA1E22E8481E70026244E /* AppColors.swift */,
			);
			path = Theme;
			sourceTree = "<group>";
		};
		F44BA1E42E8482110026244E /* Features */ = {
			isa = PBXGroup;
			children = (
				F44BA2002E8485670026244E /* Profile */,
				F44BA1F62E8483C40026244E /* TabBar */,
				F44BA1ED2E8482DF0026244E /* Chat */,
				F44BA1E52E8482240026244E /* TurnCards */,
			);
			path = Features;
			sourceTree = "<group>";
		};
		F44BA1E52E8482240026244E /* TurnCards */ = {
			isa = PBXGroup;
			children = (
				F44BA1EA2E8482690026244E /* Views */,
				F44BA1E62E8482320026244E /* Models */,
			);
			path = TurnCards;
			sourceTree = "<group>";
		};
		F44BA1E62E8482320026244E /* Models */ = {
			isa = PBXGroup;
			children = (
				F44BA1E82E8482540026244E /* TurnCards.swift */,
			);
			path = Models;
			sourceTree = "<group>";
		};
		F44BA1EA2E8482690026244E /* Views */ = {
			isa = PBXGroup;
			children = (
				F44BA1EB2E84828F0026244E /* TurnCardView.swift */,
			);
			path = Views;
			sourceTree = "<group>";
		};
		F44BA1ED2E8482DF0026244E /* Chat */ = {
			isa = PBXGroup;
			children = (
				F44BA1EF2E8482F10026244E /* Views */,
				F44BA1EE2E8482E50026244E /* Models */,
			);
			path = Chat;
			sourceTree = "<group>";
		};
		F44BA1EE2E8482E50026244E /* Models */ = {
			isa = PBXGroup;
			children = (
				F44BA1F22E8483810026244E /* Chat.swift */,
			);
			path = Models;
			sourceTree = "<group>";
		};
		F44BA1EF2E8482F10026244E /* Views */ = {
			isa = PBXGroup;
			children = (
				F44BA1F02E8483140026244E /* ChatRowView.swift */,
			);
			path = Views;
			sourceTree = "<group>";
		};
		F44BA1F62E8483C40026244E /* TabBar */ = {
			isa = PBXGroup;
			children = (
				F44BA1FA2E8484490026244E /* TabBarViews.swift */,
			);
			path = TabBar;
			sourceTree = "<group>";
		};
		F44BA1FC2E8484F10026244E /* Shared */ = {
			isa = PBXGroup;
			children = (
				F44BA1FD2E84851B0026244E /* CircularProgressView.swift */,
				F44BA2062E84B5130026244E /* CustomLabelView.swift */,
			);
			path = Shared;
			sourceTree = "<group>";
		};
		F44BA2002E8485670026244E /* Profile */ = {
			isa = PBXGroup;
			children = (
				F44BA2012E8485730026244E /* Views */,
			);
			path = Profile;
			sourceTree = "<group>";
		};
		F44BA2012E8485730026244E /* Views */ = {
			isa = PBXGroup;
			children = (
				F44BA2022E848E620026244E /* ScoreBadge.swift */,
				F44BA2042E848E920026244E /* ProfileProgressView.swift */,
			);
			path = Views;
			sourceTree = "<group>";
		};
		F44BA2082E84CF000026244E /* Resources */ = {
			isa = PBXGroup;
			children = (
				F44BA20A2E84D0200026244E /* chats.json */,
				F44BA2092E84D0200026244E /* turncards.json */,
			);
			path = Resources;
			sourceTree = "<group>";
		};
		F44BA20D2E84D03F0026244E /* Services */ = {
			isa = PBXGroup;
			children = (
				F44BA20E2E84D0600026244E /* loadJson.swift */,
			);
			path = Services;
			sourceTree = "<group>";
		};
/* End PBXGroup section */

/* Begin PBXNativeTarget section */
		F44BA1CA2E8455EC0026244E /* DatingAppUI */ = {
			isa = PBXNativeTarget;
			buildConfigurationList = F44BA1DA2E8455EE0026244E /* Build configuration list for PBXNativeTarget "DatingAppUI" */;
			buildPhases = (
				F44BA1C72E8455EC0026244E /* Sources */,
				F44BA1C82E8455EC0026244E /* Frameworks */,
				F44BA1C92E8455EC0026244E /* Resources */,
			);
			buildRules = (
			);
			dependencies = (
			);
			name = DatingAppUI;
			productName = DatingAppUI;
			productReference = F44BA1CB2E8455EC0026244E /* DatingAppUI.app */;
			productType = "com.apple.product-type.application";
		};
/* End PBXNativeTarget section */

/* Begin PBXProject section */
		F44BA1C32E8455EC0026244E /* Project object */ = {
			isa = PBXProject;
			attributes = {
				BuildIndependentTargetsInParallel = 1;
				LastSwiftUpdateCheck = 1540;
				LastUpgradeCheck = 1540;
				TargetAttributes = {
					F44BA1CA2E8455EC0026244E = {
						CreatedOnToolsVersion = 15.4;
					};
				};
			};
			buildConfigurationList = F44BA1C62E8455EC0026244E /* Build configuration list for PBXProject "DatingAppUI" */;
			compatibilityVersion = "Xcode 14.0";
			developmentRegion = en;
			hasScannedForEncodings = 0;
			knownRegions = (
				en,
				Base,
			);
			mainGroup = F44BA1C22E8455EC0026244E;
			productRefGroup = F44BA1CC2E8455EC0026244E /* Products */;
			projectDirPath = "";
			projectRoot = "";
			targets = (
				F44BA1CA2E8455EC0026244E /* DatingAppUI */,
			);
		};
/* End PBXProject section */

/* Begin PBXResourcesBuildPhase section */
		F44BA1C92E8455EC0026244E /* Resources */ = {
			isa = PBXResourcesBuildPhase;
			buildActionMask = 2147483647;
			files = (
				F44BA1D72E8455EE0026244E /* Preview Assets.xcassets in Resources */,
				F44BA20C2E84D0200026244E /* chats.json in Resources */,
				F44BA1D32E8455EE0026244E /* Assets.xcassets in Resources */,
				F44BA20B2E84D0200026244E /* turncards.json in Resources */,
			);
			runOnlyForDeploymentPostprocessing = 0;
		};
/* End PBXResourcesBuildPhase section */

/* Begin PBXSourcesBuildPhase section */
		F44BA1C72E8455EC0026244E /* Sources */ = {
			isa = PBXSourcesBuildPhase;
			buildActionMask = 2147483647;
			files = (
				F44BA1F12E8483140026244E /* ChatRowView.swift in Sources */,
				F44BA20F2E84D0600026244E /* loadJson.swift in Sources */,
				F44BA2052E848E920026244E /* ProfileProgressView.swift in Sources */,
				F44BA2072E84B5130026244E /* CustomLabelView.swift in Sources */,
				F44BA1E92E8482540026244E /* TurnCards.swift in Sources */,
				F44BA1EC2E84828F0026244E /* TurnCardView.swift in Sources */,
				F44BA2032E848E620026244E /* ScoreBadge.swift in Sources */,
				F44BA1E02E84819B0026244E /* Color+hex.swift in Sources */,
				F44BA1E32E8481E70026244E /* AppColors.swift in Sources */,
				F44BA1FB2E8484490026244E /* TabBarViews.swift in Sources */,
				F44BA1F32E8483810026244E /* Chat.swift in Sources */,
				F44BA1D12E8455EC0026244E /* ContentView.swift in Sources */,
				F44BA1FE2E84851B0026244E /* CircularProgressView.swift in Sources */,
				F44BA1CF2E8455EC0026244E /* DatingAppUIApp.swift in Sources */,
			);
			runOnlyForDeploymentPostprocessing = 0;
		};
/* End PBXSourcesBuildPhase section */

/* Begin XCBuildConfiguration section */
		F44BA1D82E8455EE0026244E /* Debug */ = {
			isa = XCBuildConfiguration;
			buildSettings = {
				ALWAYS_SEARCH_USER_PATHS = NO;
				ASSETCATALOG_COMPILER_GENERATE_SWIFT_ASSET_SYMBOL_EXTENSIONS = YES;
				CLANG_ANALYZER_NONNULL = YES;
				CLANG_ANALYZER_NUMBER_OBJECT_CONVERSION = YES_AGGRESSIVE;
				CLANG_CXX_LANGUAGE_STANDARD = "gnu++20";
				CLANG_ENABLE_MODULES = YES;
				CLANG_ENABLE_OBJC_ARC = YES;
				CLANG_ENABLE_OBJC_WEAK = YES;
				CLANG_WARN_BLOCK_CAPTURE_AUTORELEASING = YES;
				CLANG_WARN_BOOL_CONVERSION = YES;
				CLANG_WARN_COMMA = YES;
				CLANG_WARN_CONSTANT_CONVERSION = YES;
				CLANG_WARN_DEPRECATED_OBJC_IMPLEMENTATIONS = YES;
				CLANG_WARN_DIRECT_OBJC_ISA_USAGE = YES_ERROR;
				CLANG_WARN_DOCUMENTATION_COMMENTS = YES;
				CLANG_WARN_EMPTY_BODY = YES;
				CLANG_WARN_ENUM_CONVERSION = YES;
				CLANG_WARN_INFINITE_RECURSION = YES;
				CLANG_WARN_INT_CONVERSION = YES;
				CLANG_WARN_NON_LITERAL_NULL_CONVERSION = YES;
				CLANG_WARN_OBJC_IMPLICIT_RETAIN_SELF = YES;
				CLANG_WARN_OBJC_LITERAL_CONVERSION = YES;
				CLANG_WARN_OBJC_ROOT_CLASS = YES_ERROR;
				CLANG_WARN_QUOTED_INCLUDE_IN_FRAMEWORK_HEADER = YES;
				CLANG_WARN_RANGE_LOOP_ANALYSIS = YES;
				CLANG_WARN_STRICT_PROTOTYPES = YES;
				CLANG_WARN_SUSPICIOUS_MOVE = YES;
				CLANG_WARN_UNGUARDED_AVAILABILITY = YES_AGGRESSIVE;
				CLANG_WARN_UNREACHABLE_CODE = YES;
				CLANG_WARN__DUPLICATE_METHOD_MATCH = YES;
				COPY_PHASE_STRIP = NO;
				DEBUG_INFORMATION_FORMAT = dwarf;
				ENABLE_STRICT_OBJC_MSGSEND = YES;
				ENABLE_TESTABILITY = YES;
				ENABLE_USER_SCRIPT_SANDBOXING = YES;
				GCC_C_LANGUAGE_STANDARD = gnu17;
				GCC_DYNAMIC_NO_PIC = NO;
				GCC_NO_COMMON_BLOCKS = YES;
				GCC_OPTIMIZATION_LEVEL = 0;
				GCC_PREPROCESSOR_DEFINITIONS = (
					"DEBUG=1",
					"$(inherited)",
				);
				GCC_WARN_64_TO_32_BIT_CONVERSION = YES;
				GCC_WARN_ABOUT_RETURN_TYPE = YES_ERROR;
				GCC_WARN_UNDECLARED_SELECTOR = YES;
				GCC_WARN_UNINITIALIZED_AUTOS = YES_AGGRESSIVE;
				GCC_WARN_UNUSED_FUNCTION = YES;
				GCC_WARN_UNUSED_VARIABLE = YES;
				LOCALIZATION_PREFERS_STRING_CATALOGS = YES;
				MTL_ENABLE_DEBUG_INFO = INCLUDE_SOURCE;
				MTL_FAST_MATH = YES;
				ONLY_ACTIVE_ARCH = YES;
				SWIFT_ACTIVE_COMPILATION_CONDITIONS = "DEBUG $(inherited)";
				SWIFT_OPTIMIZATION_LEVEL = "-Onone";
			};
			name = Debug;
		};
		F44BA1D92E8455EE0026244E /* Release */ = {
			isa = XCBuildConfiguration;
			buildSettings = {
				ALWAYS_SEARCH_USER_PATHS = NO;
				ASSETCATALOG_COMPILER_GENERATE_SWIFT_ASSET_SYMBOL_EXTENSIONS = YES;
				CLANG_ANALYZER_NONNULL = YES;
				CLANG_ANALYZER_NUMBER_OBJECT_CONVERSION = YES_AGGRESSIVE;
				CLANG_CXX_LANGUAGE_STANDARD = "gnu++20";
				CLANG_ENABLE_MODULES = YES;
				CLANG_ENABLE_OBJC_ARC = YES;
				CLANG_ENABLE_OBJC_WEAK = YES;
				CLANG_WARN_BLOCK_CAPTURE_AUTORELEASING = YES;
				CLANG_WARN_BOOL_CONVERSION = YES;
				CLANG_WARN_COMMA = YES;
				CLANG_WARN_CONSTANT_CONVERSION = YES;
				CLANG_WARN_DEPRECATED_OBJC_IMPLEMENTATIONS = YES;
				CLANG_WARN_DIRECT_OBJC_ISA_USAGE = YES_ERROR;
				CLANG_WARN_DOCUMENTATION_COMMENTS = YES;
				CLANG_WARN_EMPTY_BODY = YES;
				CLANG_WARN_ENUM_CONVERSION = YES;
				CLANG_WARN_INFINITE_RECURSION = YES;
				CLANG_WARN_INT_CONVERSION = YES;
				CLANG_WARN_NON_LITERAL_NULL_CONVERSION = YES;
				CLANG_WARN_OBJC_IMPLICIT_RETAIN_SELF = YES;
				CLANG_WARN_OBJC_LITERAL_CONVERSION = YES;
				CLANG_WARN_OBJC_ROOT_CLASS = YES_ERROR;
				CLANG_WARN_QUOTED_INCLUDE_IN_FRAMEWORK_HEADER = YES;
				CLANG_WARN_RANGE_LOOP_ANALYSIS = YES;
				CLANG_WARN_STRICT_PROTOTYPES = YES;
				CLANG_WARN_SUSPICIOUS_MOVE = YES;
				CLANG_WARN_UNGUARDED_AVAILABILITY = YES_AGGRESSIVE;
				CLANG_WARN_UNREACHABLE_CODE = YES;
				CLANG_WARN__DUPLICATE_METHOD_MATCH = YES;
				COPY_PHASE_STRIP = NO;
				DEBUG_INFORMATION_FORMAT = "dwarf-with-dsym";
				ENABLE_NS_ASSERTIONS = NO;
				ENABLE_STRICT_OBJC_MSGSEND = YES;
				ENABLE_USER_SCRIPT_SANDBOXING = YES;
				GCC_C_LANGUAGE_STANDARD = gnu17;
				GCC_NO_COMMON_BLOCKS = YES;
				GCC_WARN_64_TO_32_BIT_CONVERSION = YES;
				GCC_WARN_ABOUT_RETURN_TYPE = YES_ERROR;
				GCC_WARN_UNDECLARED_SELECTOR = YES;
				GCC_WARN_UNINITIALIZED_AUTOS = YES_AGGRESSIVE;
				GCC_WARN_UNUSED_FUNCTION = YES;
				GCC_WARN_UNUSED_VARIABLE = YES;
				LOCALIZATION_PREFERS_STRING_CATALOGS = YES;
				MTL_ENABLE_DEBUG_INFO = NO;
				MTL_FAST_MATH = YES;
				SWIFT_COMPILATION_MODE = wholemodule;
			};
			name = Release;
		};
		F44BA1DB2E8455EE0026244E /* Debug */ = {
			isa = XCBuildConfiguration;
			buildSettings = {
				ASSETCATALOG_COMPILER_APPICON_NAME = AppIcon;
				ASSETCATALOG_COMPILER_GLOBAL_ACCENT_COLOR_NAME = AccentColor;
				CODE_SIGN_ENTITLEMENTS = DatingAppUI/DatingAppUI.entitlements;
				CODE_SIGN_STYLE = Automatic;
				CURRENT_PROJECT_VERSION = 1;
				DEVELOPMENT_ASSET_PATHS = "\"DatingAppUI/Preview Content\"";
				DEVELOPMENT_TEAM = TC2S36TGT9;
				ENABLE_HARDENED_RUNTIME = YES;
				ENABLE_PREVIEWS = YES;
				GENERATE_INFOPLIST_FILE = YES;
				"INFOPLIST_KEY_UIApplicationSceneManifest_Generation[sdk=iphoneos*]" = YES;
				"INFOPLIST_KEY_UIApplicationSceneManifest_Generation[sdk=iphonesimulator*]" = YES;
				"INFOPLIST_KEY_UIApplicationSupportsIndirectInputEvents[sdk=iphoneos*]" = YES;
				"INFOPLIST_KEY_UIApplicationSupportsIndirectInputEvents[sdk=iphonesimulator*]" = YES;
				"INFOPLIST_KEY_UILaunchScreen_Generation[sdk=iphoneos*]" = YES;
				"INFOPLIST_KEY_UILaunchScreen_Generation[sdk=iphonesimulator*]" = YES;
				"INFOPLIST_KEY_UIStatusBarStyle[sdk=iphoneos*]" = UIStatusBarStyleDefault;
				"INFOPLIST_KEY_UIStatusBarStyle[sdk=iphonesimulator*]" = UIStatusBarStyleDefault;
				INFOPLIST_KEY_UISupportedInterfaceOrientations_iPad = "UIInterfaceOrientationPortrait UIInterfaceOrientationPortraitUpsideDown UIInterfaceOrientationLandscapeLeft UIInterfaceOrientationLandscapeRight";
				INFOPLIST_KEY_UISupportedInterfaceOrientations_iPhone = "UIInterfaceOrientationPortrait UIInterfaceOrientationLandscapeLeft UIInterfaceOrientationLandscapeRight";
				IPHONEOS_DEPLOYMENT_TARGET = 17.5;
				LD_RUNPATH_SEARCH_PATHS = "@executable_path/Frameworks";
				"LD_RUNPATH_SEARCH_PATHS[sdk=macosx*]" = "@executable_path/../Frameworks";
				MACOSX_DEPLOYMENT_TARGET = 14.5;
				MARKETING_VERSION = 1.0;
				PRODUCT_BUNDLE_IDENTIFIER = UI.DatingAppUI;
				PRODUCT_NAME = "$(TARGET_NAME)";
				SDKROOT = auto;
				SUPPORTED_PLATFORMS = "iphoneos iphonesimulator macosx";
				SWIFT_EMIT_LOC_STRINGS = YES;
				SWIFT_VERSION = 5.0;
				TARGETED_DEVICE_FAMILY = "1,2";
			};
			name = Debug;
		};
		F44BA1DC2E8455EE0026244E /* Release */ = {
			isa = XCBuildConfiguration;
			buildSettings = {
				ASSETCATALOG_COMPILER_APPICON_NAME = AppIcon;
				ASSETCATALOG_COMPILER_GLOBAL_ACCENT_COLOR_NAME = AccentColor;
				CODE_SIGN_ENTITLEMENTS = DatingAppUI/DatingAppUI.entitlements;
				CODE_SIGN_STYLE = Automatic;
				CURRENT_PROJECT_VERSION = 1;
				DEVELOPMENT_ASSET_PATHS = "\"DatingAppUI/Preview Content\"";
				DEVELOPMENT_TEAM = TC2S36TGT9;
				ENABLE_HARDENED_RUNTIME = YES;
				ENABLE_PREVIEWS = YES;
				GENERATE_INFOPLIST_FILE = YES;
				"INFOPLIST_KEY_UIApplicationSceneManifest_Generation[sdk=iphoneos*]" = YES;
				"INFOPLIST_KEY_UIApplicationSceneManifest_Generation[sdk=iphonesimulator*]" = YES;
				"INFOPLIST_KEY_UIApplicationSupportsIndirectInputEvents[sdk=iphoneos*]" = YES;
				"INFOPLIST_KEY_UIApplicationSupportsIndirectInputEvents[sdk=iphonesimulator*]" = YES;
				"INFOPLIST_KEY_UILaunchScreen_Generation[sdk=iphoneos*]" = YES;
				"INFOPLIST_KEY_UILaunchScreen_Generation[sdk=iphonesimulator*]" = YES;
				"INFOPLIST_KEY_UIStatusBarStyle[sdk=iphoneos*]" = UIStatusBarStyleDefault;
				"INFOPLIST_KEY_UIStatusBarStyle[sdk=iphonesimulator*]" = UIStatusBarStyleDefault;
				INFOPLIST_KEY_UISupportedInterfaceOrientations_iPad = "UIInterfaceOrientationPortrait UIInterfaceOrientationPortraitUpsideDown UIInterfaceOrientationLandscapeLeft UIInterfaceOrientationLandscapeRight";
				INFOPLIST_KEY_UISupportedInterfaceOrientations_iPhone = "UIInterfaceOrientationPortrait UIInterfaceOrientationLandscapeLeft UIInterfaceOrientationLandscapeRight";
				IPHONEOS_DEPLOYMENT_TARGET = 17.5;
				LD_RUNPATH_SEARCH_PATHS = "@executable_path/Frameworks";
				"LD_RUNPATH_SEARCH_PATHS[sdk=macosx*]" = "@executable_path/../Frameworks";
				MACOSX_DEPLOYMENT_TARGET = 14.5;
				MARKETING_VERSION = 1.0;
				PRODUCT_BUNDLE_IDENTIFIER = UI.DatingAppUI;
				PRODUCT_NAME = "$(TARGET_NAME)";
				SDKROOT = auto;
				SUPPORTED_PLATFORMS = "iphoneos iphonesimulator macosx";
				SWIFT_EMIT_LOC_STRINGS = YES;
				SWIFT_VERSION = 5.0;
				TARGETED_DEVICE_FAMILY = "1,2";
			};
			name = Release;
		};
/* End XCBuildConfiguration section */

/* Begin XCConfigurationList section */
		F44BA1C62E8455EC0026244E /* Build configuration list for PBXProject "DatingAppUI" */ = {
			isa = XCConfigurationList;
			buildConfigurations = (
				F44BA1D82E8455EE0026244E /* Debug */,
				F44BA1D92E8455EE0026244E /* Release */,
			);
			defaultConfigurationIsVisible = 0;
			defaultConfigurationName = Release;
		};
		F44BA1DA2E8455EE0026244E /* Build configuration list for PBXNativeTarget "DatingAppUI" */ = {
			isa = XCConfigurationList;
			buildConfigurations = (
				F44BA1DB2E8455EE0026244E /* Debug */,
				F44BA1DC2E8455EE0026244E /* Release */,
			);
			defaultConfigurationIsVisible = 0;
			defaultConfigurationName = Release;
		};
/* End XCConfigurationList section */
	};
	rootObject = F44BA1C32E8455EC0026244E /* Project object */;
}
